
Microsoft Visual Studio Solution File, Format Version 12.00
# Visual Studio 2013
VisualStudioVersion = 12.0.21005.1
MinimumVisualStudioVersion = 10.0.40219.1
Project("{FAE04EC0-301F-11D3-BF4B-00C04F79EFBC}") = "Cover_Dialog_Progress", "CoverAndDialog\Cover_Dialog_Progress.csproj", "{AB7EE538-6673-4348-BAF2-E247C5425A2D}"
EndProject
Global
	GlobalSection(SolutionConfigurationPlatforms) = preSolution
		Debug|Any CPU = Debug|Any CPU
		Release|Any CPU = Release|Any CPU
	EndGlobalSection
	GlobalSection(ProjectConfigurationPlatforms) = postSolution
		{AB7EE538-6673-4348-BAF2-E247C5425A2D}.Debug|Any CPU.ActiveCfg = Debug|Any CPU
		{AB7EE538-6673-4348-BAF2-E247C5425A2D}.Debug|Any CPU.Build.0 = Debug|Any CPU
		{AB7EE538-6673-4348-BAF2-E247C5425A2D}.Release|Any CPU.ActiveCfg = Release|Any CPU
		{AB7EE538-6673-4348-BAF2-E247C5425A2D}.Release|Any CPU.Build.0 = Release|Any CPU
	EndGlobalSection
	GlobalSection(SolutionProperties) = preSolution
		HideSolutionNode = FALSE
	EndGlobalSection
EndGlobal
